Microsoft Visual Studio Solution File, Format Version 12.00
# Visual Studio Version 17
VisualStudioVersion = 17.13.35913.81
MinimumVisualStudioVersion = 10.0.40219.1
Project("{FAE04EC0-301F-11D3-BF4B-00C04F79EFBC}") = "ConsoleApp6", "ConsoleApp6\ConsoleApp6.csproj", "{90465814-5497-4FF4-A169-AC4F296C6112}"
EndProject
Global
	GlobalSection(SolutionConfigurationPlatforms) = preSolution
		Debug|Any CPU = Debug|Any CPU
		Release|Any CPU = Release|Any CPU
	EndGlobalSection
	GlobalSection(ProjectConfigurationPlatforms) = postSolution
		{90465814-5497-4FF4-A169-AC4F296C6112}.Debug|Any CPU.ActiveCfg = Debug|Any CPU
		{90465814-5497-4FF4-A169-AC4F296C6112}.Debug|Any CPU.Build.0 = Debug|Any CPU
		{90465814-5497-4FF4-A169-AC4F296C6112}.Release|Any CPU.ActiveCfg = Release|Any CPU
		{90465814-5497-4FF4-A169-AC4F296C6112}.Release|Any CPU.Build.0 = Release|Any CPU
	EndGlobalSection
	GlobalSection(SolutionProperties) = preSolution
		HideSolutionNode = FALSE
	EndGlobalSection
	GlobalSection(ExtensibilityGlobals) = postSolution
		SolutionGuid = {530B1EA3-A9BB-445B-A102-41EF7F4F48B0}
	EndGlobalSection
EndGlobal
